
Microsoft Visual Studio Solution File, Format Version 12.00
# Visual Studio Version 16
VisualStudioVersion = 16.0.29911.84
MinimumVisualStudioVersion = 10.0.40219.1
Project("{FAE04EC0-301F-11D3-BF4B-00C04F79EFBC}") = "Authentication.API", "Authentication.API\Authentication.API.csproj", "{D5CD57CD-F3BD-4734-88A5-A2B369F9760A}"
EndProject
Global
	GlobalSection(SolutionConfigurationPlatforms) = preSolution
		Debug|Any CPU = Debug|Any CPU
		Release|Any CPU = Release|Any CPU
	EndGlobalSection
	GlobalSection(ProjectConfigurationPlatforms) = postSolution
		{D5CD57CD-F3BD-4734-88A5-A2B369F9760A}.Debug|Any CPU.ActiveCfg = Debug|Any CPU
		{D5CD57CD-F3BD-4734-88A5-A2B369F9760A}.Debug|Any CPU.Build.0 = Debug|Any CPU
		{D5CD57CD-F3BD-4734-88A5-A2B369F9760A}.Release|Any CPU.ActiveCfg = Release|Any CPU
		{D5CD57CD-F3BD-4734-88A5-A2B369F9760A}.Release|Any CPU.Build.0 = Release|Any CPU
	EndGlobalSection
	GlobalSection(SolutionProperties) = preSolution
		HideSolutionNode = FALSE
	EndGlobalSection
	GlobalSection(ExtensibilityGlobals) = postSolution
		SolutionGuid = {D98AA3FF-3E98-41CA-BEF3-C60AA6E28EC3}
	EndGlobalSection
EndGlobal
